{
  "name": "kdlbench",
  "lockfileVersion": 3,
  "requires": true,
  "packages": {
    "": {
      "name": "kdlbench",
      "dependencies": {
        "@bgotink/kdl": "file:../deps/bgotink-kdl",
        "kdljs": "file:../deps/kdljs"
      }
    },
    "../deps/bgotink-kdl": {
      "name": "@bgotink/kdl",
      "version": "0.4.0",
      "hasInstallScript": true,
      "license": "MIT",
      "devDependencies": {
        "@bgotink/kdl-v1": "npm:@bgotink/kdl@0.1.7",
        "@rust-lang/mdbook": "github-release:^0.5.4",
        "@types/benchmark": "^2.1.5",
        "@types/node": "^22",
        "benchmark": "^2.1.4",
        "esbuild": "^0.28.2",
        "express-check-in": "^0.2.0",
        "husky": "npm:@dot-config/husky@9.1.7-dotconfig.0.1.0",
        "is-ci": "^4.1.0",
        "marked": "^18.0.9",
        "prettier": "npm:@dot-config/prettier@3.4.2-dotconfig.0.1.0",
        "typedoc": "^0.28.20",
        "typedoc-plugin-markdown": "^4.12.0",
        "typescript": "~6.0.3"
      }
    },
    "../deps/kdljs": {
      "version": "0.3.0",
      "license": "MIT",
      "dependencies": {
        "chevrotain": "^13.2.0"
      },
      "devDependencies": {
        "conventional-changelog-cli": "^5.0.0",
        "jsdoc": "^4.0.5",
        "mocha": "^11.8.0",
        "standard": "^17.0.0"
      }
    },
    "node_modules/@bgotink/kdl": {
      "resolved": "../deps/bgotink-kdl",
      "link": true
    },
    "node_modules/kdljs": {
      "resolved": "../deps/kdljs",
      "link": true
    }
  }
}
